
Microsoft Visual Studio Solution File, Format Version 12.00
# Visual Studio 14
VisualStudioVersion = 14.0.25123.0
MinimumVisualStudioVersion = 10.0.40219.1
Project("{F184B08F-C81C-45F6-A57F-5ABD9991F28F}") = "Lab12BusquedaUsuarios", "Lab12BusquedaUsuarios\Lab12BusquedaUsuarios.vbproj", "{46D48FC8-C9CF-4036-A401-AB69FC4E9954}"
EndProject
Global
	GlobalSection(SolutionConfigurationPlatforms) = preSolution
		Debug|Any CPU = Debug|Any CPU
		Release|Any CPU = Release|Any CPU
	EndGlobalSection
	GlobalSection(ProjectConfigurationPlatforms) = postSolution
		{46D48FC8-C9CF-4036-A401-AB69FC4E9954}.Debug|Any CPU.ActiveCfg = Debug|Any CPU
		{46D48FC8-C9CF-4036-A401-AB69FC4E9954}.Debug|Any CPU.Build.0 = Debug|Any CPU
		{46D48FC8-C9CF-4036-A401-AB69FC4E9954}.Debug|Any CPU.Deploy.0 = Debug|Any CPU
		{46D48FC8-C9CF-4036-A401-AB69FC4E9954}.Release|Any CPU.ActiveCfg = Release|Any CPU
		{46D48FC8-C9CF-4036-A401-AB69FC4E9954}.Release|Any CPU.Build.0 = Release|Any CPU
		{46D48FC8-C9CF-4036-A401-AB69FC4E9954}.Release|Any CPU.Deploy.0 = Release|Any CPU
	EndGlobalSection
	GlobalSection(SolutionProperties) = preSolution
		HideSolutionNode = FALSE
	EndGlobalSection
EndGlobal
